
Microsoft Visual Studio Solution File, Format Version 12.00
# Visual Studio 15
VisualStudioVersion = 15.0.27428.2005
MinimumVisualStudioVersion = 10.0.40219.1
Project("{FAE04EC0-301F-11D3-BF4B-00C04F79EFBC}") = "Study Guide", "Study Guide\Study Guide.csproj", "{EB550F2A-740C-438A-882B-DD1B9C0D2A7D}"
EndProject
Project("{FAE04EC0-301F-11D3-BF4B-00C04F79EFBC}") = "Interfaces", "Interfaces\Interfaces.csproj", "{C89ADEE8-05D0-45DD-8728-ABE7BFC66000}"
EndProject
Project("{FAE04EC0-301F-11D3-BF4B-00C04F79EFBC}") = "Immutable-mutable", "Immutable-mutable\Immutable-mutable.csproj", "{0679F727-F74A-4D92-AF8F-9C35C3FEB5F7}"
EndProject
Project("{FAE04EC0-301F-11D3-BF4B-00C04F79EFBC}") = "Abstract", "Abstract\Abstract.csproj", "{AD766BC5-6DA5-4D3F-B48E-57A088FDD24D}"
EndProject
Project("{FAE04EC0-301F-11D3-BF4B-00C04F79EFBC}") = "Classes", "Classes\Classes.csproj", "{3DF59A9B-416E-40F9-B4F9-D88D6EA5AE2F}"
EndProject
Project("{FAE04EC0-301F-11D3-BF4B-00C04F79EFBC}") = "FoodEquals", "FoodEquals\FoodEquals.csproj", "{92DFE39D-4E58-454C-8D62-BA32AAFB4B62}"
EndProject
Project("{FAE04EC0-301F-11D3-BF4B-00C04F79EFBC}") = "CityInfo.API", "CityInfo.API\CityInfo.API.csproj", "{E739E792-858E-4ADF-A9D0-0486476A2185}"
EndProject
Global
	GlobalSection(SolutionConfigurationPlatforms) = preSolution
		Debug|Any CPU = Debug|Any CPU
		Release|Any CPU = Release|Any CPU
	EndGlobalSection
	GlobalSection(ProjectConfigurationPlatforms) = postSolution
		{EB550F2A-740C-438A-882B-DD1B9C0D2A7D}.Debug|Any CPU.ActiveCfg = Debug|Any CPU
		{EB550F2A-740C-438A-882B-DD1B9C0D2A7D}.Debug|Any CPU.Build.0 = Debug|Any CPU
		{EB550F2A-740C-438A-882B-DD1B9C0D2A7D}.Release|Any CPU.ActiveCfg = Release|Any CPU
		{EB550F2A-740C-438A-882B-DD1B9C0D2A7D}.Release|Any CPU.Build.0 = Release|Any CPU
		{C89ADEE8-05D0-45DD-8728-ABE7BFC66000}.Debug|Any CPU.ActiveCfg = Debug|Any CPU
		{C89ADEE8-05D0-45DD-8728-ABE7BFC66000}.Debug|Any CPU.Build.0 = Debug|Any CPU
		{C89ADEE8-05D0-45DD-8728-ABE7BFC66000}.Release|Any CPU.ActiveCfg = Release|Any CPU
		{C89ADEE8-05D0-45DD-8728-ABE7BFC66000}.Release|Any CPU.Build.0 = Release|Any CPU
		{0679F727-F74A-4D92-AF8F-9C35C3FEB5F7}.Debug|Any CPU.ActiveCfg = Debug|Any CPU
		{0679F727-F74A-4D92-AF8F-9C35C3FEB5F7}.Debug|Any CPU.Build.0 = Debug|Any CPU
		{0679F727-F74A-4D92-AF8F-9C35C3FEB5F7}.Release|Any CPU.ActiveCfg = Release|Any CPU
		{0679F727-F74A-4D92-AF8F-9C35C3FEB5F7}.Release|Any CPU.Build.0 = Release|Any CPU
		{AD766BC5-6DA5-4D3F-B48E-57A088FDD24D}.Debug|Any CPU.ActiveCfg = Debug|Any CPU
		{AD766BC5-6DA5-4D3F-B48E-57A088FDD24D}.Debug|Any CPU.Build.0 = Debug|Any CPU
		{AD766BC5-6DA5-4D3F-B48E-57A088FDD24D}.Release|Any CPU.ActiveCfg = Release|Any CPU
		{AD766BC5-6DA5-4D3F-B48E-57A088FDD24D}.Release|Any CPU.Build.0 = Release|Any CPU
		{3DF59A9B-416E-40F9-B4F9-D88D6EA5AE2F}.Debug|Any CPU.ActiveCfg = Debug|Any CPU
		{3DF59A9B-416E-40F9-B4F9-D88D6EA5AE2F}.Debug|Any CPU.Build.0 = Debug|Any CPU
		{3DF59A9B-416E-40F9-B4F9-D88D6EA5AE2F}.Release|Any CPU.ActiveCfg = Release|Any CPU
		{3DF59A9B-416E-40F9-B4F9-D88D6EA5AE2F}.Release|Any CPU.Build.0 = Release|Any CPU
		{92DFE39D-4E58-454C-8D62-BA32AAFB4B62}.Debug|Any CPU.ActiveCfg = Debug|Any CPU
		{92DFE39D-4E58-454C-8D62-BA32AAFB4B62}.Debug|Any CPU.Build.0 = Debug|Any CPU
		{92DFE39D-4E58-454C-8D62-BA32AAFB4B62}.Release|Any CPU.ActiveCfg = Release|Any CPU
		{92DFE39D-4E58-454C-8D62-BA32AAFB4B62}.Release|Any CPU.Build.0 = Release|Any CPU
		{E739E792-858E-4ADF-A9D0-0486476A2185}.Debug|Any CPU.ActiveCfg = Debug|Any CPU
		{E739E792-858E-4ADF-A9D0-0486476A2185}.Debug|Any CPU.Build.0 = Debug|Any CPU
		{E739E792-858E-4ADF-A9D0-0486476A2185}.Release|Any CPU.ActiveCfg = Release|Any CPU
		{E739E792-858E-4ADF-A9D0-0486476A2185}.Release|Any CPU.Build.0 = Release|Any CPU
	EndGlobalSection
	GlobalSection(SolutionProperties) = preSolution
		HideSolutionNode = FALSE
	EndGlobalSection
	GlobalSection(ExtensibilityGlobals) = postSolution
		SolutionGuid = {9565F409-177B-466F-9A46-614D96AD72D1}
	EndGlobalSection
EndGlobal
